
Microsoft Visual Studio Solution File, Format Version 12.00
# Visual Studio Version 17
VisualStudioVersion = 17.2.32630.192
MinimumVisualStudioVersion = 10.0.40219.1
Project("{9A19103F-16F7-4668-BE54-9A1E7A4F7556}") = "R5T.F0033", "R5T.F0033\R5T.F0033.csproj", "{9D7AF740-684E-4D7D-B3DB-7FFAFDEBD0DE}"
EndProject
Project("{2150E333-8FDC-42A3-9474-1A3956D46DE8}") = "_Dependencies", "_Dependencies", "{6F0EAA3C-C2FF-4913-8890-8D06CC2E9547}"
EndProject
Project("{9A19103F-16F7-4668-BE54-9A1E7A4F7556}") = "R5T.T0131", "..\..\R5T.T0131\source\R5T.T0131\R5T.T0131.csproj", "{32972844-5A35-4BE3-8207-6736452CF219}"
EndProject
Project("{9A19103F-16F7-4668-BE54-9A1E7A4F7556}") = "R5T.T0132", "..\..\R5T.T0132\source\R5T.T0132\R5T.T0132.csproj", "{0AEB0ACB-421C-466B-80BD-CD512674A362}"
EndProject
Project("{9A19103F-16F7-4668-BE54-9A1E7A4F7556}") = "R5T.F0000", "..\..\R5T.F0000\source\R5T.F0000\R5T.F0000.csproj", "{2746C673-F43A-4AB2-B14D-0BFED4CDA9BE}"
EndProject
Project("{9A19103F-16F7-4668-BE54-9A1E7A4F7556}") = "R5T.T0143", "..\..\R5T.T0143\source\R5T.T0143\R5T.T0143.csproj", "{A9706796-E63D-4B6F-8AE1-B3E6289D3F51}"
EndProject
Project("{9A19103F-16F7-4668-BE54-9A1E7A4F7556}") = "R5T.Z0000", "..\..\R5T.Z0000\source\R5T.Z0000\R5T.Z0000.csproj", "{D5C3F5D8-80DD-491E-87B9-5696020FEBEF}"
EndProject
Project("{9A19103F-16F7-4668-BE54-9A1E7A4F7556}") = "R5T.Y0000", "..\..\R5T.Y0000\source\R5T.Y0000\R5T.Y0000.csproj", "{19010CD8-3288-4ECF-91D5-8C5EF4F55913}"
EndProject
Project("{9A19103F-16F7-4668-BE54-9A1E7A4F7556}") = "R5T.F0033.Platform", "R5T.F0033.Platform\R5T.F0033.Platform.csproj", "{C0EA557F-8108-4ECF-B058-58ACC1A65E06}"
EndProject
Project("{9A19103F-16F7-4668-BE54-9A1E7A4F7556}") = "R5T.F0002", "..\..\R5T.F0002\source\R5T.F0002\R5T.F0002.csproj", "{AC003525-2A2B-468A-941D-5B9388A66893}"
EndProject
Project("{9A19103F-16F7-4668-BE54-9A1E7A4F7556}") = "R5T.F0120", "..\..\R5T.F0120\source\R5T.F0120\R5T.F0120.csproj", "{1DFA49F9-336D-4834-BC7E-939AABB53C4F}"
EndProject
Project("{9A19103F-16F7-4668-BE54-9A1E7A4F7556}") = "R5T.F0124", "..\..\R5T.F0124\source\R5T.F0124\R5T.F0124.csproj", "{2FDFD054-F698-4141-B3B5-25DA23583E6F}"
EndProject
Project("{9A19103F-16F7-4668-BE54-9A1E7A4F7556}") = "R5T.F0125", "..\..\R5T.F0125\source\R5T.F0125\R5T.F0125.csproj", "{CDB52477-709F-4487-93FB-5066F690CA23}"
EndProject
Project("{9A19103F-16F7-4668-BE54-9A1E7A4F7556}") = "R5T.L0030.T000", "..\..\R5T.L0030\source\R5T.L0030.T000\R5T.L0030.T000.csproj", "{0C59E7CE-C08B-436A-B478-61D65840699D}"
EndProject
Project("{9A19103F-16F7-4668-BE54-9A1E7A4F7556}") = "R5T.L0030", "..\..\R5T.L0030\source\R5T.L0030\R5T.L0030.csproj", "{86C9DB2A-A897-402E-A410-2A864A8C4B50}"
EndProject
Project("{9A19103F-16F7-4668-BE54-9A1E7A4F7556}") = "R5T.L0034", "..\..\R5T.L0034\source\R5T.L0034\R5T.L0034.csproj", "{4BBD7E8B-4D04-44CC-97DB-B53794EDA2FE}"
EndProject
Project("{9A19103F-16F7-4668-BE54-9A1E7A4F7556}") = "R5T.L0035", "..\..\R5T.L0035\source\R5T.L0035\R5T.L0035.csproj", "{909366F8-77EF-4A35-B458-F6E1D1E7BED7}"
EndProject
Project("{9A19103F-16F7-4668-BE54-9A1E7A4F7556}") = "R5T.L0053", "..\..\R5T.L0053\source\R5T.L0053\R5T.L0053.csproj", "{C365DE1A-A569-4038-B90A-59FD9523337F}"
EndProject
Project("{9A19103F-16F7-4668-BE54-9A1E7A4F7556}") = "R5T.NG0022", "..\..\R5T.NG0022\source\R5T.NG0022\R5T.NG0022.csproj", "{05881560-1BA3-455C-87A9-C72DE1EAE580}"
EndProject
Project("{9A19103F-16F7-4668-BE54-9A1E7A4F7556}") = "R5T.T0142", "..\..\R5T.T0142\source\R5T.T0142\R5T.T0142.csproj", "{E9BD1B11-1428-430C-ADF4-A35A24FCB8C9}"
EndProject
Project("{9A19103F-16F7-4668-BE54-9A1E7A4F7556}") = "R5T.T0156", "..\..\R5T.T0156\source\R5T.T0156\R5T.T0156.csproj", "{7B31DF09-84B6-4240-980D-E583773F49C3}"
EndProject
Project("{9A19103F-16F7-4668-BE54-9A1E7A4F7556}") = "R5T.T0174", "..\..\R5T.T0174\source\R5T.T0174\R5T.T0174.csproj", "{FF5F9EEE-0AD0-489F-A916-07F6067753F1}"
EndProject
Project("{9A19103F-16F7-4668-BE54-9A1E7A4F7556}") = "R5T.T0176", "..\..\R5T.T0176\source\R5T.T0176\R5T.T0176.csproj", "{66F664E1-69ED-450C-B76C-F9C071393ACE}"
EndProject
Project("{9A19103F-16F7-4668-BE54-9A1E7A4F7556}") = "R5T.T0177", "..\..\R5T.T0177\source\R5T.T0177\R5T.T0177.csproj", "{908C5734-0DB4-432C-A590-E13CC0D927EA}"
EndProject
Project("{9A19103F-16F7-4668-BE54-9A1E7A4F7556}") = "R5T.T0178", "..\..\R5T.T0178\source\R5T.T0178\R5T.T0178.csproj", "{67AC3284-8AEF-4E7F-A92D-0C01CAE7E242}"
EndProject
Project("{9A19103F-16F7-4668-BE54-9A1E7A4F7556}") = "R5T.T0179", "..\..\R5T.T0179\source\R5T.T0179\R5T.T0179.csproj", "{0FD2E576-EE53-47E5-8516-C871590CD9A4}"
EndProject
Project("{9A19103F-16F7-4668-BE54-9A1E7A4F7556}") = "R5T.T0180", "..\..\R5T.T0180\source\R5T.T0180\R5T.T0180.csproj", "{105F3EBF-E405-4EB4-8B42-6783B2596B3C}"
EndProject
Project("{9A19103F-16F7-4668-BE54-9A1E7A4F7556}") = "R5T.T0181", "..\..\R5T.T0181\source\R5T.T0181\R5T.T0181.csproj", "{427CA0EB-1461-4BEF-8D98-8EA13F5CDF6A}"
EndProject
Project("{9A19103F-16F7-4668-BE54-9A1E7A4F7556}") = "R5T.T0185", "..\..\R5T.T0185\source\R5T.T0185\R5T.T0185.csproj", "{10AD28ED-A7C3-46DB-8D2D-9DA0ED6FAD92}"
EndProject
Project("{9A19103F-16F7-4668-BE54-9A1E7A4F7556}") = "R5T.T0199", "..\..\R5T.T0199\source\R5T.T0199\R5T.T0199.csproj", "{BF53A0AD-9F7B-453E-8BED-C6067FE44B94}"
EndProject
Project("{9A19103F-16F7-4668-BE54-9A1E7A4F7556}") = "R5T.T0203", "..\..\R5T.T0203\source\R5T.T0203\R5T.T0203.csproj", "{8AD6394E-7B58-4BCF-9469-7E0355F6C459}"
EndProject
Project("{9A19103F-16F7-4668-BE54-9A1E7A4F7556}") = "R5T.T0220", "..\..\R5T.T0220\source\R5T.T0220\R5T.T0220.csproj", "{20E46369-987E-4DDC-A573-85C521E83AC3}"
EndProject
Project("{9A19103F-16F7-4668-BE54-9A1E7A4F7556}") = "R5T.T0221", "..\..\R5T.T0221\source\R5T.T0221\R5T.T0221.csproj", "{92063FD9-C2E2-46E3-A006-B0B45EAF782C}"
EndProject
Global
	GlobalSection(NestedProjects) = preSolution
		{32972844-5A35-4BE3-8207-6736452CF219} = {6F0EAA3C-C2FF-4913-8890-8D06CC2E9547}
		{0AEB0ACB-421C-466B-80BD-CD512674A362} = {6F0EAA3C-C2FF-4913-8890-8D06CC2E9547}
		{2746C673-F43A-4AB2-B14D-0BFED4CDA9BE} = {6F0EAA3C-C2FF-4913-8890-8D06CC2E9547}
		{A9706796-E63D-4B6F-8AE1-B3E6289D3F51} = {6F0EAA3C-C2FF-4913-8890-8D06CC2E9547}
		{D5C3F5D8-80DD-491E-87B9-5696020FEBEF} = {6F0EAA3C-C2FF-4913-8890-8D06CC2E9547}
		{19010CD8-3288-4ECF-91D5-8C5EF4F55913} = {6F0EAA3C-C2FF-4913-8890-8D06CC2E9547}
		{AC003525-2A2B-468A-941D-5B9388A66893} = {6F0EAA3C-C2FF-4913-8890-8D06CC2E9547}
		{1DFA49F9-336D-4834-BC7E-939AABB53C4F} = {6F0EAA3C-C2FF-4913-8890-8D06CC2E9547}
		{2FDFD054-F698-4141-B3B5-25DA23583E6F} = {6F0EAA3C-C2FF-4913-8890-8D06CC2E9547}
		{CDB52477-709F-4487-93FB-5066F690CA23} = {6F0EAA3C-C2FF-4913-8890-8D06CC2E9547}
		{0C59E7CE-C08B-436A-B478-61D65840699D} = {6F0EAA3C-C2FF-4913-8890-8D06CC2E9547}
		{86C9DB2A-A897-402E-A410-2A864A8C4B50} = {6F0EAA3C-C2FF-4913-8890-8D06CC2E9547}
		{4BBD7E8B-4D04-44CC-97DB-B53794EDA2FE} = {6F0EAA3C-C2FF-4913-8890-8D06CC2E9547}
		{909366F8-77EF-4A35-B458-F6E1D1E7BED7} = {6F0EAA3C-C2FF-4913-8890-8D06CC2E9547}
		{C365DE1A-A569-4038-B90A-59FD9523337F} = {6F0EAA3C-C2FF-4913-8890-8D06CC2E9547}
		{05881560-1BA3-455C-87A9-C72DE1EAE580} = {6F0EAA3C-C2FF-4913-8890-8D06CC2E9547}
		{E9BD1B11-1428-430C-ADF4-A35A24FCB8C9} = {6F0EAA3C-C2FF-4913-8890-8D06CC2E9547}
		{7B31DF09-84B6-4240-980D-E583773F49C3} = {6F0EAA3C-C2FF-4913-8890-8D06CC2E9547}
		{FF5F9EEE-0AD0-489F-A916-07F6067753F1} = {6F0EAA3C-C2FF-4913-8890-8D06CC2E9547}
		{66F664E1-69ED-450C-B76C-F9C071393ACE} = {6F0EAA3C-C2FF-4913-8890-8D06CC2E9547}
		{908C5734-0DB4-432C-A590-E13CC0D927EA} = {6F0EAA3C-C2FF-4913-8890-8D06CC2E9547}
		{67AC3284-8AEF-4E7F-A92D-0C01CAE7E242} = {6F0EAA3C-C2FF-4913-8890-8D06CC2E9547}
		{0FD2E576-EE53-47E5-8516-C871590CD9A4} = {6F0EAA3C-C2FF-4913-8890-8D06CC2E9547}
		{105F3EBF-E405-4EB4-8B42-6783B2596B3C} = {6F0EAA3C-C2FF-4913-8890-8D06CC2E9547}
		{427CA0EB-1461-4BEF-8D98-8EA13F5CDF6A} = {6F0EAA3C-C2FF-4913-8890-8D06CC2E9547}
		{10AD28ED-A7C3-46DB-8D2D-9DA0ED6FAD92} = {6F0EAA3C-C2FF-4913-8890-8D06CC2E9547}
		{BF53A0AD-9F7B-453E-8BED-C6067FE44B94} = {6F0EAA3C-C2FF-4913-8890-8D06CC2E9547}
		{8AD6394E-7B58-4BCF-9469-7E0355F6C459} = {6F0EAA3C-C2FF-4913-8890-8D06CC2E9547}
		{20E46369-987E-4DDC-A573-85C521E83AC3} = {6F0EAA3C-C2FF-4913-8890-8D06CC2E9547}
		{92063FD9-C2E2-46E3-A006-B0B45EAF782C} = {6F0EAA3C-C2FF-4913-8890-8D06CC2E9547}
	EndGlobalSection
	GlobalSection(SolutionConfigurationPlatforms) = preSolution
		Debug|Any CPU = Debug|Any CPU
		Release|Any CPU = Release|Any CPU
	EndGlobalSection
	GlobalSection(ProjectConfigurationPlatforms) = postSolution
		{9D7AF740-684E-4D7D-B3DB-7FFAFDEBD0DE}.Debug|Any CPU.ActiveCfg = Debug|Any CPU
		{9D7AF740-684E-4D7D-B3DB-7FFAFDEBD0DE}.Debug|Any CPU.Build.0 = Debug|Any CPU
		{9D7AF740-684E-4D7D-B3DB-7FFAFDEBD0DE}.Release|Any CPU.ActiveCfg = Release|Any CPU
		{9D7AF740-684E-4D7D-B3DB-7FFAFDEBD0DE}.Release|Any CPU.Build.0 = Release|Any CPU
		{32972844-5A35-4BE3-8207-6736452CF219}.Debug|Any CPU.ActiveCfg = Debug|Any CPU
		{32972844-5A35-4BE3-8207-6736452CF219}.Debug|Any CPU.Build.0 = Debug|Any CPU
		{32972844-5A35-4BE3-8207-6736452CF219}.Release|Any CPU.ActiveCfg = Release|Any CPU
		{32972844-5A35-4BE3-8207-6736452CF219}.Release|Any CPU.Build.0 = Release|Any CPU
		{0AEB0ACB-421C-466B-80BD-CD512674A362}.Debug|Any CPU.ActiveCfg = Debug|Any CPU
		{0AEB0ACB-421C-466B-80BD-CD512674A362}.Debug|Any CPU.Build.0 = Debug|Any CPU
		{0AEB0ACB-421C-466B-80BD-CD512674A362}.Release|Any CPU.ActiveCfg = Release|Any CPU
		{0AEB0ACB-421C-466B-80BD-CD512674A362}.Release|Any CPU.Build.0 = Release|Any CPU
		{2746C673-F43A-4AB2-B14D-0BFED4CDA9BE}.Debug|Any CPU.ActiveCfg = Debug|Any CPU
		{2746C673-F43A-4AB2-B14D-0BFED4CDA9BE}.Debug|Any CPU.Build.0 = Debug|Any CPU
		{2746C673-F43A-4AB2-B14D-0BFED4CDA9BE}.Release|Any CPU.ActiveCfg = Release|Any CPU
		{2746C673-F43A-4AB2-B14D-0BFED4CDA9BE}.Release|Any CPU.Build.0 = Release|Any CPU
		{A9706796-E63D-4B6F-8AE1-B3E6289D3F51}.Debug|Any CPU.ActiveCfg = Debug|Any CPU
		{A9706796-E63D-4B6F-8AE1-B3E6289D3F51}.Debug|Any CPU.Build.0 = Debug|Any CPU
		{A9706796-E63D-4B6F-8AE1-B3E6289D3F51}.Release|Any CPU.ActiveCfg = Release|Any CPU
		{A9706796-E63D-4B6F-8AE1-B3E6289D3F51}.Release|Any CPU.Build.0 = Release|Any CPU
		{D5C3F5D8-80DD-491E-87B9-5696020FEBEF}.Debug|Any CPU.ActiveCfg = Debug|Any CPU
		{D5C3F5D8-80DD-491E-87B9-5696020FEBEF}.Debug|Any CPU.Build.0 = Debug|Any CPU
		{D5C3F5D8-80DD-491E-87B9-5696020FEBEF}.Release|Any CPU.ActiveCfg = Release|Any CPU
		{D5C3F5D8-80DD-491E-87B9-5696020FEBEF}.Release|Any CPU.Build.0 = Release|Any CPU
		{19010CD8-3288-4ECF-91D5-8C5EF4F55913}.Debug|Any CPU.ActiveCfg = Debug|Any CPU
		{19010CD8-3288-4ECF-91D5-8C5EF4F55913}.Debug|Any CPU.Build.0 = Debug|Any CPU
		{19010CD8-3288-4ECF-91D5-8C5EF4F55913}.Release|Any CPU.ActiveCfg = Release|Any CPU
		{19010CD8-3288-4ECF-91D5-8C5EF4F55913}.Release|Any CPU.Build.0 = Release|Any CPU
		{C0EA557F-8108-4ECF-B058-58ACC1A65E06}.Debug|Any CPU.ActiveCfg = Debug|Any CPU
		{C0EA557F-8108-4ECF-B058-58ACC1A65E06}.Debug|Any CPU.Build.0 = Debug|Any CPU
		{C0EA557F-8108-4ECF-B058-58ACC1A65E06}.Release|Any CPU.ActiveCfg = Release|Any CPU
		{C0EA557F-8108-4ECF-B058-58ACC1A65E06}.Release|Any CPU.Build.0 = Release|Any CPU
		{AC003525-2A2B-468A-941D-5B9388A66893}.Debug|Any CPU.ActiveCfg = Debug|Any CPU
		{AC003525-2A2B-468A-941D-5B9388A66893}.Debug|Any CPU.Build.0 = Debug|Any CPU
		{AC003525-2A2B-468A-941D-5B9388A66893}.Release|Any CPU.ActiveCfg = Release|Any CPU
		{AC003525-2A2B-468A-941D-5B9388A66893}.Release|Any CPU.Build.0 = Release|Any CPU
		{1DFA49F9-336D-4834-BC7E-939AABB53C4F}.Debug|Any CPU.ActiveCfg = Debug|Any CPU
		{1DFA49F9-336D-4834-BC7E-939AABB53C4F}.Debug|Any CPU.Build.0 = Debug|Any CPU
		{1DFA49F9-336D-4834-BC7E-939AABB53C4F}.Release|Any CPU.ActiveCfg = Release|Any CPU
		{1DFA49F9-336D-4834-BC7E-939AABB53C4F}.Release|Any CPU.Build.0 = Release|Any CPU
		{2FDFD054-F698-4141-B3B5-25DA23583E6F}.Debug|Any CPU.ActiveCfg = Debug|Any CPU
		{2FDFD054-F698-4141-B3B5-25DA23583E6F}.Debug|Any CPU.Build.0 = Debug|Any CPU
		{2FDFD054-F698-4141-B3B5-25DA23583E6F}.Release|Any CPU.ActiveCfg = Release|Any CPU
		{2FDFD054-F698-4141-B3B5-25DA23583E6F}.Release|Any CPU.Build.0 = Release|Any CPU
		{CDB52477-709F-4487-93FB-5066F690CA23}.Debug|Any CPU.ActiveCfg = Debug|Any CPU
		{CDB52477-709F-4487-93FB-5066F690CA23}.Debug|Any CPU.Build.0 = Debug|Any CPU
		{CDB52477-709F-4487-93FB-5066F690CA23}.Release|Any CPU.ActiveCfg = Release|Any CPU
		{CDB52477-709F-4487-93FB-5066F690CA23}.Release|Any CPU.Build.0 = Release|Any CPU
		{0C59E7CE-C08B-436A-B478-61D65840699D}.Debug|Any CPU.ActiveCfg = Debug|Any CPU
		{0C59E7CE-C08B-436A-B478-61D65840699D}.Debug|Any CPU.Build.0 = Debug|Any CPU
		{0C59E7CE-C08B-436A-B478-61D65840699D}.Release|Any CPU.ActiveCfg = Release|Any CPU
		{0C59E7CE-C08B-436A-B478-61D65840699D}.Release|Any CPU.Build.0 = Release|Any CPU
		{86C9DB2A-A897-402E-A410-2A864A8C4B50}.Debug|Any CPU.ActiveCfg = Debug|Any CPU
		{86C9DB2A-A897-402E-A410-2A864A8C4B50}.Debug|Any CPU.Build.0 = Debug|Any CPU
		{86C9DB2A-A897-402E-A410-2A864A8C4B50}.Release|Any CPU.ActiveCfg = Release|Any CPU
		{86C9DB2A-A897-402E-A410-2A864A8C4B50}.Release|Any CPU.Build.0 = Release|Any CPU
		{4BBD7E8B-4D04-44CC-97DB-B53794EDA2FE}.Debug|Any CPU.ActiveCfg = Debug|Any CPU
		{4BBD7E8B-4D04-44CC-97DB-B53794EDA2FE}.Debug|Any CPU.Build.0 = Debug|Any CPU
		{4BBD7E8B-4D04-44CC-97DB-B53794EDA2FE}.Release|Any CPU.ActiveCfg = Release|Any CPU
		{4BBD7E8B-4D04-44CC-97DB-B53794EDA2FE}.Release|Any CPU.Build.0 = Release|Any CPU
		{909366F8-77EF-4A35-B458-F6E1D1E7BED7}.Debug|Any CPU.ActiveCfg = Debug|Any CPU
		{909366F8-77EF-4A35-B458-F6E1D1E7BED7}.Debug|Any CPU.Build.0 = Debug|Any CPU
		{909366F8-77EF-4A35-B458-F6E1D1E7BED7}.Release|Any CPU.ActiveCfg = Release|Any CPU
		{909366F8-77EF-4A35-B458-F6E1D1E7BED7}.Release|Any CPU.Build.0 = Release|Any CPU
		{C365DE1A-A569-4038-B90A-59FD9523337F}.Debug|Any CPU.ActiveCfg = Debug|Any CPU
		{C365DE1A-A569-4038-B90A-59FD9523337F}.Debug|Any CPU.Build.0 = Debug|Any CPU
		{C365DE1A-A569-4038-B90A-59FD9523337F}.Release|Any CPU.ActiveCfg = Release|Any CPU
		{C365DE1A-A569-4038-B90A-59FD9523337F}.Release|Any CPU.Build.0 = Release|Any CPU
		{05881560-1BA3-455C-87A9-C72DE1EAE580}.Debug|Any CPU.ActiveCfg = Debug|Any CPU
		{05881560-1BA3-455C-87A9-C72DE1EAE580}.Debug|Any CPU.Build.0 = Debug|Any CPU
		{05881560-1BA3-455C-87A9-C72DE1EAE580}.Release|Any CPU.ActiveCfg = Release|Any CPU
		{05881560-1BA3-455C-87A9-C72DE1EAE580}.Release|Any CPU.Build.0 = Release|Any CPU
		{E9BD1B11-1428-430C-ADF4-A35A24FCB8C9}.Debug|Any CPU.ActiveCfg = Debug|Any CPU
		{E9BD1B11-1428-430C-ADF4-A35A24FCB8C9}.Debug|Any CPU.Build.0 = Debug|Any CPU
		{E9BD1B11-1428-430C-ADF4-A35A24FCB8C9}.Release|Any CPU.ActiveCfg = Release|Any CPU
		{E9BD1B11-1428-430C-ADF4-A35A24FCB8C9}.Release|Any CPU.Build.0 = Release|Any CPU
		{7B31DF09-84B6-4240-980D-E583773F49C3}.Debug|Any CPU.ActiveCfg = Debug|Any CPU
		{7B31DF09-84B6-4240-980D-E583773F49C3}.Debug|Any CPU.Build.0 = Debug|Any CPU
		{7B31DF09-84B6-4240-980D-E583773F49C3}.Release|Any CPU.ActiveCfg = Release|Any CPU
		{7B31DF09-84B6-4240-980D-E583773F49C3}.Release|Any CPU.Build.0 = Release|Any CPU
		{FF5F9EEE-0AD0-489F-A916-07F6067753F1}.Debug|Any CPU.ActiveCfg = Debug|Any CPU
		{FF5F9EEE-0AD0-489F-A916-07F6067753F1}.Debug|Any CPU.Build.0 = Debug|Any CPU
		{FF5F9EEE-0AD0-489F-A916-07F6067753F1}.Release|Any CPU.ActiveCfg = Release|Any CPU
		{FF5F9EEE-0AD0-489F-A916-07F6067753F1}.Release|Any CPU.Build.0 = Release|Any CPU
		{66F664E1-69ED-450C-B76C-F9C071393ACE}.Debug|Any CPU.ActiveCfg = Debug|Any CPU
		{66F664E1-69ED-450C-B76C-F9C071393ACE}.Debug|Any CPU.Build.0 = Debug|Any CPU
		{66F664E1-69ED-450C-B76C-F9C071393ACE}.Release|Any CPU.ActiveCfg = Release|Any CPU
		{66F664E1-69ED-450C-B76C-F9C071393ACE}.Release|Any CPU.Build.0 = Release|Any CPU
		{908C5734-0DB4-432C-A590-E13CC0D927EA}.Debug|Any CPU.ActiveCfg = Debug|Any CPU
		{908C5734-0DB4-432C-A590-E13CC0D927EA}.Debug|Any CPU.Build.0 = Debug|Any CPU
		{908C5734-0DB4-432C-A590-E13CC0D927EA}.Release|Any CPU.ActiveCfg = Release|Any CPU
		{908C5734-0DB4-432C-A590-E13CC0D927EA}.Release|Any CPU.Build.0 = Release|Any CPU
		{67AC3284-8AEF-4E7F-A92D-0C01CAE7E242}.Debug|Any CPU.ActiveCfg = Debug|Any CPU
		{67AC3284-8AEF-4E7F-A92D-0C01CAE7E242}.Debug|Any CPU.Build.0 = Debug|Any CPU
		{67AC3284-8AEF-4E7F-A92D-0C01CAE7E242}.Release|Any CPU.ActiveCfg = Release|Any CPU
		{67AC3284-8AEF-4E7F-A92D-0C01CAE7E242}.Release|Any CPU.Build.0 = Release|Any CPU
		{0FD2E576-EE53-47E5-8516-C871590CD9A4}.Debug|Any CPU.ActiveCfg = Debug|Any CPU
		{0FD2E576-EE53-47E5-8516-C871590CD9A4}.Debug|Any CPU.Build.0 = Debug|Any CPU
		{0FD2E576-EE53-47E5-8516-C871590CD9A4}.Release|Any CPU.ActiveCfg = Release|Any CPU
		{0FD2E576-EE53-47E5-8516-C871590CD9A4}.Release|Any CPU.Build.0 = Release|Any CPU
		{105F3EBF-E405-4EB4-8B42-6783B2596B3C}.Debug|Any CPU.ActiveCfg = Debug|Any CPU
		{105F3EBF-E405-4EB4-8B42-6783B2596B3C}.Debug|Any CPU.Build.0 = Debug|Any CPU
		{105F3EBF-E405-4EB4-8B42-6783B2596B3C}.Release|Any CPU.ActiveCfg = Release|Any CPU
		{105F3EBF-E405-4EB4-8B42-6783B2596B3C}.Release|Any CPU.Build.0 = Release|Any CPU
		{427CA0EB-1461-4BEF-8D98-8EA13F5CDF6A}.Debug|Any CPU.ActiveCfg = Debug|Any CPU
		{427CA0EB-1461-4BEF-8D98-8EA13F5CDF6A}.Debug|Any CPU.Build.0 = Debug|Any CPU
		{427CA0EB-1461-4BEF-8D98-8EA13F5CDF6A}.Release|Any CPU.ActiveCfg = Release|Any CPU
		{427CA0EB-1461-4BEF-8D98-8EA13F5CDF6A}.Release|Any CPU.Build.0 = Release|Any CPU
		{10AD28ED-A7C3-46DB-8D2D-9DA0ED6FAD92}.Debug|Any CPU.ActiveCfg = Debug|Any CPU
		{10AD28ED-A7C3-46DB-8D2D-9DA0ED6FAD92}.Debug|Any CPU.Build.0 = Debug|Any CPU
		{10AD28ED-A7C3-46DB-8D2D-9DA0ED6FAD92}.Release|Any CPU.ActiveCfg = Release|Any CPU
		{10AD28ED-A7C3-46DB-8D2D-9DA0ED6FAD92}.Release|Any CPU.Build.0 = Release|Any CPU
		{BF53A0AD-9F7B-453E-8BED-C6067FE44B94}.Debug|Any CPU.ActiveCfg = Debug|Any CPU
		{BF53A0AD-9F7B-453E-8BED-C6067FE44B94}.Debug|Any CPU.Build.0 = Debug|Any CPU
		{BF53A0AD-9F7B-453E-8BED-C6067FE44B94}.Release|Any CPU.ActiveCfg = Release|Any CPU
		{BF53A0AD-9F7B-453E-8BED-C6067FE44B94}.Release|Any CPU.Build.0 = Release|Any CPU
		{8AD6394E-7B58-4BCF-9469-7E0355F6C459}.Debug|Any CPU.ActiveCfg = Debug|Any CPU
		{8AD6394E-7B58-4BCF-9469-7E0355F6C459}.Debug|Any CPU.Build.0 = Debug|Any CPU
		{8AD6394E-7B58-4BCF-9469-7E0355F6C459}.Release|Any CPU.ActiveCfg = Release|Any CPU
		{8AD6394E-7B58-4BCF-9469-7E0355F6C459}.Release|Any CPU.Build.0 = Release|Any CPU
		{20E46369-987E-4DDC-A573-85C521E83AC3}.Debug|Any CPU.ActiveCfg = Debug|Any CPU
		{20E46369-987E-4DDC-A573-85C521E83AC3}.Debug|Any CPU.Build.0 = Debug|Any CPU
		{20E46369-987E-4DDC-A573-85C521E83AC3}.Release|Any CPU.ActiveCfg = Release|Any CPU
		{20E46369-987E-4DDC-A573-85C521E83AC3}.Release|Any CPU.Build.0 = Release|Any CPU
		{92063FD9-C2E2-46E3-A006-B0B45EAF782C}.Debug|Any CPU.ActiveCfg = Debug|Any CPU
		{92063FD9-C2E2-46E3-A006-B0B45EAF782C}.Debug|Any CPU.Build.0 = Debug|Any CPU
		{92063FD9-C2E2-46E3-A006-B0B45EAF782C}.Release|Any CPU.ActiveCfg = Release|Any CPU
		{92063FD9-C2E2-46E3-A006-B0B45EAF782C}.Release|Any CPU.Build.0 = Release|Any CPU
	EndGlobalSection
	GlobalSection(SolutionProperties) = preSolution
		HideSolutionNode = FALSE
	EndGlobalSection
	GlobalSection(ExtensibilityGlobals) = postSolution
		SolutionGuid = {6324C2F6-5F8D-41ED-9FBC-982A2C696A0C}
	EndGlobalSection
EndGlobal
