
Microsoft Visual Studio Solution File, Format Version 12.00
# Visual Studio Version 16
VisualStudioVersion = 16.0.32002.261
MinimumVisualStudioVersion = 10.0.40219.1
Project("{9A19103F-16F7-4668-BE54-9A1E7A4F7556}") = "R5T.F0033", "R5T.F0033\R5T.F0033.csproj", "{9D7AF740-684E-4D7D-B3DB-7FFAFDEBD0DE}"
EndProject
Project("{2150E333-8FDC-42A3-9474-1A3956D46DE8}") = "_Dependencies", "_Dependencies", "{6F0EAA3C-C2FF-4913-8890-8D06CC2E9547}"
EndProject
Project("{9A19103F-16F7-4668-BE54-9A1E7A4F7556}") = "R5T.T0131", "..\..\R5T.T0131\source\R5T.T0131\R5T.T0131.csproj", "{32972844-5A35-4BE3-8207-6736452CF219}"
EndProject
Project("{9A19103F-16F7-4668-BE54-9A1E7A4F7556}") = "R5T.T0132", "..\..\R5T.T0132\source\R5T.T0132\R5T.T0132.csproj", "{0AEB0ACB-421C-466B-80BD-CD512674A362}"
EndProject
Project("{9A19103F-16F7-4668-BE54-9A1E7A4F7556}") = "R5T.F0000", "..\..\R5T.F0000\source\R5T.F0000\R5T.F0000.csproj", "{2746C673-F43A-4AB2-B14D-0BFED4CDA9BE}"
EndProject
Project("{9A19103F-16F7-4668-BE54-9A1E7A4F7556}") = "R5T.T0143", "..\..\R5T.T0143\source\R5T.T0143\R5T.T0143.csproj", "{A9706796-E63D-4B6F-8AE1-B3E6289D3F51}"
EndProject
Project("{9A19103F-16F7-4668-BE54-9A1E7A4F7556}") = "R5T.Z0000", "..\..\R5T.Z0000\source\R5T.Z0000\R5T.Z0000.csproj", "{D5C3F5D8-80DD-491E-87B9-5696020FEBEF}"
EndProject
Project("{9A19103F-16F7-4668-BE54-9A1E7A4F7556}") = "R5T.Y0000", "..\..\R5T.Y0000\source\R5T.Y0000\R5T.Y0000.csproj", "{19010CD8-3288-4ECF-91D5-8C5EF4F55913}"
EndProject
Global
	GlobalSection(SolutionConfigurationPlatforms) = preSolution
		Debug|Any CPU = Debug|Any CPU
		Release|Any CPU = Release|Any CPU
	EndGlobalSection
	GlobalSection(ProjectConfigurationPlatforms) = postSolution
		{9D7AF740-684E-4D7D-B3DB-7FFAFDEBD0DE}.Debug|Any CPU.ActiveCfg = Debug|Any CPU
		{9D7AF740-684E-4D7D-B3DB-7FFAFDEBD0DE}.Debug|Any CPU.Build.0 = Debug|Any CPU
		{9D7AF740-684E-4D7D-B3DB-7FFAFDEBD0DE}.Release|Any CPU.ActiveCfg = Release|Any CPU
		{9D7AF740-684E-4D7D-B3DB-7FFAFDEBD0DE}.Release|Any CPU.Build.0 = Release|Any CPU
		{32972844-5A35-4BE3-8207-6736452CF219}.Debug|Any CPU.ActiveCfg = Debug|Any CPU
		{32972844-5A35-4BE3-8207-6736452CF219}.Debug|Any CPU.Build.0 = Debug|Any CPU
		{32972844-5A35-4BE3-8207-6736452CF219}.Release|Any CPU.ActiveCfg = Release|Any CPU
		{32972844-5A35-4BE3-8207-6736452CF219}.Release|Any CPU.Build.0 = Release|Any CPU
		{0AEB0ACB-421C-466B-80BD-CD512674A362}.Debug|Any CPU.ActiveCfg = Debug|Any CPU
		{0AEB0ACB-421C-466B-80BD-CD512674A362}.Debug|Any CPU.Build.0 = Debug|Any CPU
		{0AEB0ACB-421C-466B-80BD-CD512674A362}.Release|Any CPU.ActiveCfg = Release|Any CPU
		{0AEB0ACB-421C-466B-80BD-CD512674A362}.Release|Any CPU.Build.0 = Release|Any CPU
		{2746C673-F43A-4AB2-B14D-0BFED4CDA9BE}.Debug|Any CPU.ActiveCfg = Debug|Any CPU
		{2746C673-F43A-4AB2-B14D-0BFED4CDA9BE}.Debug|Any CPU.Build.0 = Debug|Any CPU
		{2746C673-F43A-4AB2-B14D-0BFED4CDA9BE}.Release|Any CPU.ActiveCfg = Release|Any CPU
		{2746C673-F43A-4AB2-B14D-0BFED4CDA9BE}.Release|Any CPU.Build.0 = Release|Any CPU
		{A9706796-E63D-4B6F-8AE1-B3E6289D3F51}.Debug|Any CPU.ActiveCfg = Debug|Any CPU
		{A9706796-E63D-4B6F-8AE1-B3E6289D3F51}.Debug|Any CPU.Build.0 = Debug|Any CPU
		{A9706796-E63D-4B6F-8AE1-B3E6289D3F51}.Release|Any CPU.ActiveCfg = Release|Any CPU
		{A9706796-E63D-4B6F-8AE1-B3E6289D3F51}.Release|Any CPU.Build.0 = Release|Any CPU
		{D5C3F5D8-80DD-491E-87B9-5696020FEBEF}.Debug|Any CPU.ActiveCfg = Debug|Any CPU
		{D5C3F5D8-80DD-491E-87B9-5696020FEBEF}.Debug|Any CPU.Build.0 = Debug|Any CPU
		{D5C3F5D8-80DD-491E-87B9-5696020FEBEF}.Release|Any CPU.ActiveCfg = Release|Any CPU
		{D5C3F5D8-80DD-491E-87B9-5696020FEBEF}.Release|Any CPU.Build.0 = Release|Any CPU
		{19010CD8-3288-4ECF-91D5-8C5EF4F55913}.Debug|Any CPU.ActiveCfg = Debug|Any CPU
		{19010CD8-3288-4ECF-91D5-8C5EF4F55913}.Debug|Any CPU.Build.0 = Debug|Any CPU
		{19010CD8-3288-4ECF-91D5-8C5EF4F55913}.Release|Any CPU.ActiveCfg = Release|Any CPU
		{19010CD8-3288-4ECF-91D5-8C5EF4F55913}.Release|Any CPU.Build.0 = Release|Any CPU
	EndGlobalSection
	GlobalSection(SolutionProperties) = preSolution
		HideSolutionNode = FALSE
	EndGlobalSection
	GlobalSection(NestedProjects) = preSolution
		{32972844-5A35-4BE3-8207-6736452CF219} = {6F0EAA3C-C2FF-4913-8890-8D06CC2E9547}
		{0AEB0ACB-421C-466B-80BD-CD512674A362} = {6F0EAA3C-C2FF-4913-8890-8D06CC2E9547}
		{2746C673-F43A-4AB2-B14D-0BFED4CDA9BE} = {6F0EAA3C-C2FF-4913-8890-8D06CC2E9547}
		{A9706796-E63D-4B6F-8AE1-B3E6289D3F51} = {6F0EAA3C-C2FF-4913-8890-8D06CC2E9547}
		{D5C3F5D8-80DD-491E-87B9-5696020FEBEF} = {6F0EAA3C-C2FF-4913-8890-8D06CC2E9547}
		{19010CD8-3288-4ECF-91D5-8C5EF4F55913} = {6F0EAA3C-C2FF-4913-8890-8D06CC2E9547}
	EndGlobalSection
	GlobalSection(ExtensibilityGlobals) = postSolution
		SolutionGuid = {6324C2F6-5F8D-41ED-9FBC-982A2C696A0C}
	EndGlobalSection
EndGlobal
